// !$*UTF8*$!
{
	archiveVersion = 1;
	classes = {
	};
	objectVersion = 50;
	objects = {

/* Begin PBXBuildFile section */
		B95346A82556EEE900E94130 /* WareHouseItems.swift in Sources */ = {isa = PBXBuildFile; fileRef = B95346A72556EEE900E94130 /* WareHouseItems.swift */; };
		E4287FFF255706230013B691 /* MyWareHouseCellTableViewCell.swift in Sources */ = {isa = PBXBuildFile; fileRef = E4287FFE255706230013B691 /* MyWareHouseCellTableViewCell.swift */; };
		E43EEBDA2556E9AD00087693 /* AppDelegate.swift in Sources */ = {isa = PBXBuildFile; fileRef = E43EEBD92556E9AD00087693 /* AppDelegate.swift */; };
		E43EEBDC2556E9AD00087693 /* SceneDelegate.swift in Sources */ = {isa = PBXBuildFile; fileRef = E43EEBDB2556E9AD00087693 /* SceneDelegate.swift */; };
		E43EEBDE2556E9AD00087693 /* ViewController.swift in Sources */ = {isa = PBXBuildFile; fileRef = E43EEBDD2556E9AD00087693 /* ViewController.swift */; };
		E43EEBE12556E9AD00087693 /* Main.storyboard in Resources */ = {isa = PBXBuildFile; fileRef = E43EEBDF2556E9AD00087693 /* Main.storyboard */; };
		E43EEBE32556E9B000087693 /* Assets.xcassets in Resources */ = {isa = PBXBuildFile; fileRef = E43EEBE22556E9B000087693 /* Assets.xcassets */; };
		E43EEBE62556E9B000087693 /* LaunchScreen.storyboard in Resources */ = {isa = PBXBuildFile; fileRef = E43EEBE42556E9B000087693 /* LaunchScreen.storyboard */; };
		E4AFBEF22556FDD100651A60 /* myWareHouseTableViewController.swift in Sources */ = {isa = PBXBuildFile; fileRef = E4AFBEF12556FDD100651A60 /* myWareHouseTableViewController.swift */; };
		E4AFBEF52556FE1600651A60 /* wareHouseManageTableViewController.swift in Sources */ = {isa = PBXBuildFile; fileRef = E4AFBEF42556FE1600651A60 /* wareHouseManageTableViewController.swift */; };
		E4AFBEF82556FEC900651A60 /* TabBarViewController.swift in Sources */ = {isa = PBXBuildFile; fileRef = E4AFBEF72556FEC900651A60 /* TabBarViewController.swift */; };
/* End PBXBuildFile section */

/* Begin PBXFileReference section */
		B95346A72556EEE900E94130 /* WareHouseItems.swift */ = {isa = PBXFileReference; lastKnownFileType = sourcecode.swift; path = WareHouseItems.swift; sourceTree = "<group>"; };
		E4287FFE255706230013B691 /* MyWareHouseCellTableViewCell.swift */ = {isa = PBXFileReference; lastKnownFileType = sourcecode.swift; path = MyWareHouseCellTableViewCell.swift; sourceTree = "<group>"; };
		E43EEBD62556E9AD00087693 /* storekeeper.app */ = {isa = PBXFileReference; explicitFileType = wrapper.application; includeInIndex = 0; path = storekeeper.app; sourceTree = BUILT_PRODUCTS_DIR; };
		E43EEBD92556E9AD00087693 /* AppDelegate.swift */ = {isa = PBXFileReference; lastKnownFileType = sourcecode.swift; path = AppDelegate.swift; sourceTree = "<group>"; };
		E43EEBDB2556E9AD00087693 /* SceneDelegate.swift */ = {isa = PBXFileReference; lastKnownFileType = sourcecode.swift; path = SceneDelegate.swift; sourceTree = "<group>"; };
		E43EEBDD2556E9AD00087693 /* ViewController.swift */ = {isa = PBXFileReference; lastKnownFileType = sourcecode.swift; path = ViewController.swift; sourceTree = "<group>"; };
		E43EEBE02556E9AD00087693 /* Base */ = {isa = PBXFileReference; lastKnownFileType = file.storyboard; name = Base; path = Base.lproj/Main.storyboard; sourceTree = "<group>"; };
		E43EEBE22556E9B000087693 /* Assets.xcassets */ = {isa = PBXFileReference; lastKnownFileType = folder.assetcatalog; path = Assets.xcassets; sourceTree = "<group>"; };
		E43EEBE52556E9B000087693 /* Base */ = {isa = PBXFileReference; lastKnownFileType = file.storyboard; name = Base; path = Base.lproj/LaunchScreen.storyboard; sourceTree = "<group>"; };
		E43EEBE72556E9B000087693 /* Info.plist */ = {isa = PBXFileReference; lastKnownFileType = text.plist.xml; path = Info.plist; sourceTree = "<group>"; };
		E4AFBEF12556FDD100651A60 /* myWareHouseTableViewController.swift */ = {isa = PBXFileReference; lastKnownFileType = sourcecode.swift; path = myWareHouseTableViewController.swift; sourceTree = "<group>"; };
		E4AFBEF42556FE1600651A60 /* wareHouseManageTableViewController.swift */ = {isa = PBXFileReference; lastKnownFileType = sourcecode.swift; path = wareHouseManageTableViewController.swift; sourceTree = "<group>"; };
		E4AFBEF72556FEC900651A60 /* TabBarViewController.swift */ = {isa = PBXFileReference; lastKnownFileType = sourcecode.swift; path = TabBarViewController.swift; sourceTree = "<group>"; };
/* End PBXFileReference section */

/* Begin PBXFrameworksBuildPhase section */
		E43EEBD32556E9AD00087693 /* Frameworks */ = {
			isa = PBXFrameworksBuildPhase;
			buildActionMask = 2147483647;
			files = (
			);
			runOnlyForDeploymentPostprocessing = 0;
		};
/* End PBXFrameworksBuildPhase section */

/* Begin PBXGroup section */
		E43EEBCD2556E9AD00087693 = {
			isa = PBXGroup;
			children = (
				E43EEBD82556E9AD00087693 /* storekeeper */,
				E43EEBD72556E9AD00087693 /* Products */,
			);
			sourceTree = "<group>";
		};
		E43EEBD72556E9AD00087693 /* Products */ = {
			isa = PBXGroup;
			children = (
				E43EEBD62556E9AD00087693 /* storekeeper.app */,
			);
			name = Products;
			sourceTree = "<group>";
		};
		E43EEBD82556E9AD00087693 /* storekeeper */ = {
			isa = PBXGroup;
			children = (
				E43EEBD92556E9AD00087693 /* AppDelegate.swift */,
				E43EEBDB2556E9AD00087693 /* SceneDelegate.swift */,
				E43EEBDD2556E9AD00087693 /* ViewController.swift */,
				E43EEBDF2556E9AD00087693 /* Main.storyboard */,
				E4287FFE255706230013B691 /* MyWareHouseCellTableViewCell.swift */,
				E4AFBEF72556FEC900651A60 /* TabBarViewController.swift */,
				E4AFBEF42556FE1600651A60 /* wareHouseManageTableViewController.swift */,
				E4AFBEF12556FDD100651A60 /* myWareHouseTableViewController.swift */,
				E43EEBE22556E9B000087693 /* Assets.xcassets */,
				E43EEBE42556E9B000087693 /* LaunchScreen.storyboard */,
				E43EEBE72556E9B000087693 /* Info.plist */,
				B95346A72556EEE900E94130 /* WareHouseItems.swift */,
			);
			path = storekeeper;
			sourceTree = "<group>";
		};
/* End PBXGroup section */

/* Begin PBXNativeTarget section */
		E43EEBD52556E9AD00087693 /* storekeeper */ = {
			isa = PBXNativeTarget;
			buildConfigurationList = E43EEBEA2556E9B000087693 /* Build configuration list for PBXNativeTarget "storekeeper" */;
			buildPhases = (
				E43EEBD22556E9AD00087693 /* Sources */,
				E43EEBD32556E9AD00087693 /* Frameworks */,
				E43EEBD42556E9AD00087693 /* Resources */,
			);
			buildRules = (
			);
			dependencies = (
			);
			name = storekeeper;
			productName = storekeeper;
			productReference = E43EEBD62556E9AD00087693 /* storekeeper.app */;
			productType = "com.apple.product-type.application";
		};
/* End PBXNativeTarget section */

/* Begin PBXProject section */
		E43EEBCE2556E9AD00087693 /* Project object */ = {
			isa = PBXProject;
			attributes = {
				LastSwiftUpdateCheck = 1200;
				LastUpgradeCheck = 1200;
				TargetAttributes = {
					E43EEBD52556E9AD00087693 = {
						CreatedOnToolsVersion = 12.0;
					};
				};
			};
			buildConfigurationList = E43EEBD12556E9AD00087693 /* Build configuration list for PBXProject "storekeeper" */;
			compatibilityVersion = "Xcode 9.3";
			developmentRegion = en;
			hasScannedForEncodings = 0;
			knownRegions = (
				en,
				Base,
			);
			mainGroup = E43EEBCD2556E9AD00087693;
			productRefGroup = E43EEBD72556E9AD00087693 /* Products */;
			projectDirPath = "";
			projectRoot = "";
			targets = (
				E43EEBD52556E9AD00087693 /* storekeeper */,
			);
		};
/* End PBXProject section */

/* Begin PBXResourcesBuildPhase section */
		E43EEBD42556E9AD00087693 /* Resources */ = {
			isa = PBXResourcesBuildPhase;
			buildActionMask = 2147483647;
			files = (
				E43EEBE62556E9B000087693 /* LaunchScreen.storyboard in Resources */,
				E43EEBE32556E9B000087693 /* Assets.xcassets in Resources */,
				E43EEBE12556E9AD00087693 /* Main.storyboard in Resources */,
			);
			runOnlyForDeploymentPostprocessing = 0;
		};
/* End PBXResourcesBuildPhase section */

/* Begin PBXSourcesBuildPhase section */
		E43EEBD22556E9AD00087693 /* Sources */ = {
			isa = PBXSourcesBuildPhase;
			buildActionMask = 2147483647;
			files = (
				B95346A82556EEE900E94130 /* WareHouseItems.swift in Sources */,
				E43EEBDE2556E9AD00087693 /* ViewController.swift in Sources */,
				E43EEBDA2556E9AD00087693 /* AppDelegate.swift in Sources */,
				E43EEBDC2556E9AD00087693 /* SceneDelegate.swift in Sources */,
				E4AFBEF82556FEC900651A60 /* TabBarViewController.swift in Sources */,
				E4287FFF255706230013B691 /* MyWareHouseCellTableViewCell.swift in Sources */,
				E4AFBEF52556FE1600651A60 /* wareHouseManageTableViewController.swift in Sources */,
				E4AFBEF22556FDD100651A60 /* myWareHouseTableViewController.swift in Sources */,
			);
			runOnlyForDeploymentPostprocessing = 0;
		};
/* End PBXSourcesBuildPhase section */

/* Begin PBXVariantGroup section */
		E43EEBDF2556E9AD00087693 /* Main.storyboard */ = {
			isa = PBXVariantGroup;
			children = (
				E43EEBE02556E9AD00087693 /* Base */,
			);
			name = Main.storyboard;
			sourceTree = "<group>";
		};
		E43EEBE42556E9B000087693 /* LaunchScreen.storyboard */ = {
			isa = PBXVariantGroup;
			children = (
				E43EEBE52556E9B000087693 /* Base */,
			);
			name = LaunchScreen.storyboard;
			sourceTree = "<group>";
		};
/* End PBXVariantGroup section */

/* Begin XCBuildConfiguration section */
		E43EEBE82556E9B000087693 /* Debug */ = {
			isa = XCBuildConfiguration;
			buildSettings = {
				ALWAYS_SEARCH_USER_PATHS = NO;
				CLANG_ANALYZER_NONNULL = YES;
				CLANG_ANALYZER_NUMBER_OBJECT_CONVERSION = YES_AGGRESSIVE;
				CLANG_CXX_LANGUAGE_STANDARD = "gnu++14";
				CLANG_CXX_LIBRARY = "libc++";
				CLANG_ENABLE_MODULES = YES;
				CLANG_ENABLE_OBJC_ARC = YES;
				CLANG_ENABLE_OBJC_WEAK = YES;
				CLANG_WARN_BLOCK_CAPTURE_AUTORELEASING = YES;
				CLANG_WARN_BOOL_CONVERSION = YES;
				CLANG_WARN_COMMA = YES;
				CLANG_WARN_CONSTANT_CONVERSION = YES;
				CLANG_WARN_DEPRECATED_OBJC_IMPLEMENTATIONS = YES;
				CLANG_WARN_DIRECT_OBJC_ISA_USAGE = YES_ERROR;
				CLANG_WARN_DOCUMENTATION_COMMENTS = YES;
				CLANG_WARN_EMPTY_BODY = YES;
				CLANG_WARN_ENUM_CONVERSION = YES;
				CLANG_WARN_INFINITE_RECURSION = YES;
				CLANG_WARN_INT_CONVERSION = YES;
				CLANG_WARN_NON_LITERAL_NULL_CONVERSION = YES;
				CLANG_WARN_OBJC_IMPLICIT_RETAIN_SELF = YES;
				CLANG_WARN_OBJC_LITERAL_CONVERSION = YES;
				CLANG_WARN_OBJC_ROOT_CLASS = YES_ERROR;
				CLANG_WARN_QUOTED_INCLUDE_IN_FRAMEWORK_HEADER = YES;
				CLANG_WARN_RANGE_LOOP_ANALYSIS = YES;
				CLANG_WARN_STRICT_PROTOTYPES = YES;
				CLANG_WARN_SUSPICIOUS_MOVE = YES;
				CLANG_WARN_UNGUARDED_AVAILABILITY = YES_AGGRESSIVE;
				CLANG_WARN_UNREACHABLE_CODE = YES;
				CLANG_WARN__DUPLICATE_METHOD_MATCH = YES;
				COPY_PHASE_STRIP = NO;
				DEBUG_INFORMATION_FORMAT = dwarf;
				ENABLE_STRICT_OBJC_MSGSEND = YES;
				ENABLE_TESTABILITY = YES;
				GCC_C_LANGUAGE_STANDARD = gnu11;
				GCC_DYNAMIC_NO_PIC = NO;
				GCC_NO_COMMON_BLOCKS = YES;
				GCC_OPTIMIZATION_LEVEL = 0;
				GCC_PREPROCESSOR_DEFINITIONS = (
					"DEBUG=1",
					"$(inherited)",
				);
				GCC_WARN_64_TO_32_BIT_CONVERSION = YES;
				GCC_WARN_ABOUT_RETURN_TYPE = YES_ERROR;
				GCC_WARN_UNDECLARED_SELECTOR = YES;
				GCC_WARN_UNINITIALIZED_AUTOS = YES_AGGRESSIVE;
				GCC_WARN_UNUSED_FUNCTION = YES;
				GCC_WARN_UNUSED_VARIABLE = YES;
				IPHONEOS_DEPLOYMENT_TARGET = 14.0;
				MTL_ENABLE_DEBUG_INFO = INCLUDE_SOURCE;
				MTL_FAST_MATH = YES;
				ONLY_ACTIVE_ARCH = YES;
				SDKROOT = iphoneos;
				SWIFT_ACTIVE_COMPILATION_CONDITIONS = DEBUG;
				SWIFT_OPTIMIZATION_LEVEL = "-Onone";
			};
			name = Debug;
		};
		E43EEBE92556E9B000087693 /* Release */ = {
			isa = XCBuildConfiguration;
			buildSettings = {
				ALWAYS_SEARCH_USER_PATHS = NO;
				CLANG_ANALYZER_NONNULL = YES;
				CLANG_ANALYZER_NUMBER_OBJECT_CONVERSION = YES_AGGRESSIVE;
				CLANG_CXX_LANGUAGE_STANDARD = "gnu++14";
				CLANG_CXX_LIBRARY = "libc++";
				CLANG_ENABLE_MODULES = YES;
				CLANG_ENABLE_OBJC_ARC = YES;
				CLANG_ENABLE_OBJC_WEAK = YES;
				CLANG_WARN_BLOCK_CAPTURE_AUTORELEASING = YES;
				CLANG_WARN_BOOL_CONVERSION = YES;
				CLANG_WARN_COMMA = YES;
				CLANG_WARN_CONSTANT_CONVERSION = YES;
				CLANG_WARN_DEPRECATED_OBJC_IMPLEMENTATIONS = YES;
				CLANG_WARN_DIRECT_OBJC_ISA_USAGE = YES_ERROR;
				CLANG_WARN_DOCUMENTATION_COMMENTS = YES;
				CLANG_WARN_EMPTY_BODY = YES;
				CLANG_WARN_ENUM_CONVERSION = YES;
				CLANG_WARN_INFINITE_RECURSION = YES;
				CLANG_WARN_INT_CONVERSION = YES;
				CLANG_WARN_NON_LITERAL_NULL_CONVERSION = YES;
				CLANG_WARN_OBJC_IMPLICIT_RETAIN_SELF = YES;
				CLANG_WARN_OBJC_LITERAL_CONVERSION = YES;
				CLANG_WARN_OBJC_ROOT_CLASS = YES_ERROR;
				CLANG_WARN_QUOTED_INCLUDE_IN_FRAMEWORK_HEADER = YES;
				CLANG_WARN_RANGE_LOOP_ANALYSIS = YES;
				CLANG_WARN_STRICT_PROTOTYPES = YES;
				CLANG_WARN_SUSPICIOUS_MOVE = YES;
				CLANG_WARN_UNGUARDED_AVAILABILITY = YES_AGGRESSIVE;
				CLANG_WARN_UNREACHABLE_CODE = YES;
				CLANG_WARN__DUPLICATE_METHOD_MATCH = YES;
				COPY_PHASE_STRIP = NO;
				DEBUG_INFORMATION_FORMAT = "dwarf-with-dsym";
				ENABLE_NS_ASSERTIONS = NO;
				ENABLE_STRICT_OBJC_MSGSEND = YES;
				GCC_C_LANGUAGE_STANDARD = gnu11;
				GCC_NO_COMMON_BLOCKS = YES;
				GCC_WARN_64_TO_32_BIT_CONVERSION = YES;
				GCC_WARN_ABOUT_RETURN_TYPE = YES_ERROR;
				GCC_WARN_UNDECLARED_SELECTOR = YES;
				GCC_WARN_UNINITIALIZED_AUTOS = YES_AGGRESSIVE;
				GCC_WARN_UNUSED_FUNCTION = YES;
				GCC_WARN_UNUSED_VARIABLE = YES;
				IPHONEOS_DEPLOYMENT_TARGET = 14.0;
				MTL_ENABLE_DEBUG_INFO = NO;
				MTL_FAST_MATH = YES;
				SDKROOT = iphoneos;
				SWIFT_COMPILATION_MODE = wholemodule;
				SWIFT_OPTIMIZATION_LEVEL = "-O";
				VALIDATE_PRODUCT = YES;
			};
			name = Release;
		};
		E43EEBEB2556E9B000087693 /* Debug */ = {
			isa = XCBuildConfiguration;
			buildSettings = {
				ASSETCATALOG_COMPILER_APPICON_NAME = AppIcon;
				ASSETCATALOG_COMPILER_GLOBAL_ACCENT_COLOR_NAME = AccentColor;
				CODE_SIGN_STYLE = Automatic;
				DEVELOPMENT_TEAM = 58287L88KM;
				INFOPLIST_FILE = storekeeper/Info.plist;
				IPHONEOS_DEPLOYMENT_TARGET = 14.1;
				LD_RUNPATH_SEARCH_PATHS = (
					"$(inherited)",
					"@executable_path/Frameworks",
				);
				PRODUCT_BUNDLE_IDENTIFIER = "kik-OS.storekeeper";
				PRODUCT_NAME = "$(TARGET_NAME)";
				SWIFT_VERSION = 5.0;
				TARGETED_DEVICE_FAMILY = "1,2";
			};
			name = Debug;
		};
		E43EEBEC2556E9B000087693 /* Release */ = {
			isa = XCBuildConfiguration;
			buildSettings = {
				ASSETCATALOG_COMPILER_APPICON_NAME = AppIcon;
				ASSETCATALOG_COMPILER_GLOBAL_ACCENT_COLOR_NAME = AccentColor;
				CODE_SIGN_STYLE = Automatic;
				DEVELOPMENT_TEAM = 58287L88KM;
				INFOPLIST_FILE = storekeeper/Info.plist;
				IPHONEOS_DEPLOYMENT_TARGET = 14.1;
				LD_RUNPATH_SEARCH_PATHS = (
					"$(inherited)",
					"@executable_path/Frameworks",
				);
				PRODUCT_BUNDLE_IDENTIFIER = "kik-OS.storekeeper";
				PRODUCT_NAME = "$(TARGET_NAME)";
				SWIFT_VERSION = 5.0;
				TARGETED_DEVICE_FAMILY = "1,2";
			};
			name = Release;
		};
/* End XCBuildConfiguration section */

/* Begin XCConfigurationList section */
		E43EEBD12556E9AD00087693 /* Build configuration list for PBXProject "storekeeper" */ = {
			isa = XCConfigurationList;
			buildConfigurations = (
				E43EEBE82556E9B000087693 /* Debug */,
				E43EEBE92556E9B000087693 /* Release */,
			);
			defaultConfigurationIsVisible = 0;
			defaultConfigurationName = Release;
		};
		E43EEBEA2556E9B000087693 /* Build configuration list for PBXNativeTarget "storekeeper" */ = {
			isa = XCConfigurationList;
			buildConfigurations = (
				E43EEBEB2556E9B000087693 /* Debug */,
				E43EEBEC2556E9B000087693 /* Release */,
			);
			defaultConfigurationIsVisible = 0;
			defaultConfigurationName = Release;
		};
/* End XCConfigurationList section */
	};
	rootObject = E43EEBCE2556E9AD00087693 /* Project object */;
}
